
Microsoft Visual Studio Solution File, Format Version 12.00
# Visual Studio Version 17
VisualStudioVersion = 17.0.31903.59
MinimumVisualStudioVersion = 10.0.40219.1
Project("{2150E333-8FDC-42A3-9474-1A3956D46DE8}") = "src", "src", "{048E2D6A-FC3E-4D8E-9973-C46363235092}"
EndProject
Project("{FAE04EC0-301F-11D3-BF4B-00C04F79EFBC}") = "Api", "src\Api\Api.csproj", "{DE2D1F40-0245-445F-8E86-521B207FEA96}"
EndProject
Project("{2150E333-8FDC-42A3-9474-1A3956D46DE8}") = "tests", "tests", "{1FE2FA1B-E7DF-405D-8178-DECAC7349183}"
EndProject
Project("{FAE04EC0-301F-11D3-BF4B-00C04F79EFBC}") = "UnitTests", "tests\UnitTests\UnitTests.csproj", "{C6B06CB8-E50A-4AC4-8180-DAFDE4AD1C1D}"
EndProject
Global
	GlobalSection(SolutionConfigurationPlatforms) = preSolution
		Debug|Any CPU = Debug|Any CPU
		Release|Any CPU = Release|Any CPU
	EndGlobalSection
	GlobalSection(SolutionProperties) = preSolution
		HideSolutionNode = FALSE
	EndGlobalSection
	GlobalSection(ProjectConfigurationPlatforms) = postSolution
		{DE2D1F40-0245-445F-8E86-521B207FEA96}.Debug|Any CPU.ActiveCfg = Debug|Any CPU
		{DE2D1F40-0245-445F-8E86-521B207FEA96}.Debug|Any CPU.Build.0 = Debug|Any CPU
		{DE2D1F40-0245-445F-8E86-521B207FEA96}.Release|Any CPU.ActiveCfg = Release|Any CPU
		{DE2D1F40-0245-445F-8E86-521B207FEA96}.Release|Any CPU.Build.0 = Release|Any CPU
		{C6B06CB8-E50A-4AC4-8180-DAFDE4AD1C1D}.Debug|Any CPU.ActiveCfg = Debug|Any CPU
		{C6B06CB8-E50A-4AC4-8180-DAFDE4AD1C1D}.Debug|Any CPU.Build.0 = Debug|Any CPU
		{C6B06CB8-E50A-4AC4-8180-DAFDE4AD1C1D}.Release|Any CPU.ActiveCfg = Release|Any CPU
		{C6B06CB8-E50A-4AC4-8180-DAFDE4AD1C1D}.Release|Any CPU.Build.0 = Release|Any CPU
	EndGlobalSection
	GlobalSection(NestedProjects) = preSolution
		{DE2D1F40-0245-445F-8E86-521B207FEA96} = {048E2D6A-FC3E-4D8E-9973-C46363235092}
		{C6B06CB8-E50A-4AC4-8180-DAFDE4AD1C1D} = {1FE2FA1B-E7DF-405D-8178-DECAC7349183}
	EndGlobalSection
EndGlobal
